// !$*UTF8*$!
{
	archiveVersion = 1;
	classes = {
	};
	objectVersion = 56;
	objects = {

/* Begin PBXBuildFile section */
		34AECA73299B8A400069803C /* SwiftUIFirebaseAppApp.swift in Sources */ = {isa = PBXBuildFile; fileRef = 34AECA72299B8A400069803C /* SwiftUIFirebaseAppApp.swift */; };
		34AECA75299B8A400069803C /* ContentView.swift in Sources */ = {isa = PBXBuildFile; fileRef = 34AECA74299B8A400069803C /* ContentView.swift */; };
		34AECA77299B8A410069803C /* Assets.xcassets in Resources */ = {isa = PBXBuildFile; fileRef = 34AECA76299B8A410069803C /* Assets.xcassets */; };
		34AECA7A299B8A410069803C /* Preview Assets.xcassets in Resources */ = {isa = PBXBuildFile; fileRef = 34AECA79299B8A410069803C /* Preview Assets.xcassets */; };
		34AECA81299B8ACB0069803C /* GoogleService-Info.plist in Resources */ = {isa = PBXBuildFile; fileRef = 34AECA80299B8ACB0069803C /* GoogleService-Info.plist */; };
		34AECA84299B8B1C0069803C /* FirebaseFirestore in Frameworks */ = {isa = PBXBuildFile; productRef = 34AECA83299B8B1C0069803C /* FirebaseFirestore */; };
		34AECA86299B8B1C0069803C /* FirebaseStorage in Frameworks */ = {isa = PBXBuildFile; productRef = 34AECA85299B8B1C0069803C /* FirebaseStorage */; };
		34AECA88299B8B310069803C /* FirebaseService.swift in Sources */ = {isa = PBXBuildFile; fileRef = 34AECA87299B8B310069803C /* FirebaseService.swift */; };
		34AECA8C299B94AB0069803C /* Note.swift in Sources */ = {isa = PBXBuildFile; fileRef = 34AECA8B299B94AB0069803C /* Note.swift */; };
		34DC338929A4B9D80054EDC2 /* DetailViewDemo.swift in Sources */ = {isa = PBXBuildFile; fileRef = 34DC338829A4B9D80054EDC2 /* DetailViewDemo.swift */; };
/* End PBXBuildFile section */

/* Begin PBXFileReference section */
		34AECA6F299B8A400069803C /* SwiftUIFirebaseApp.app */ = {isa = PBXFileReference; explicitFileType = wrapper.application; includeInIndex = 0; path = SwiftUIFirebaseApp.app; sourceTree = BUILT_PRODUCTS_DIR; };
		34AECA72299B8A400069803C /* SwiftUIFirebaseAppApp.swift */ = {isa = PBXFileReference; lastKnownFileType = sourcecode.swift; path = SwiftUIFirebaseAppApp.swift; sourceTree = "<group>"; };
		34AECA74299B8A400069803C /* ContentView.swift */ = {isa = PBXFileReference; lastKnownFileType = sourcecode.swift; path = ContentView.swift; sourceTree = "<group>"; };
		34AECA76299B8A410069803C /* Assets.xcassets */ = {isa = PBXFileReference; lastKnownFileType = folder.assetcatalog; path = Assets.xcassets; sourceTree = "<group>"; };
		34AECA79299B8A410069803C /* Preview Assets.xcassets */ = {isa = PBXFileReference; lastKnownFileType = folder.assetcatalog; path = "Preview Assets.xcassets"; sourceTree = "<group>"; };
		34AECA80299B8ACB0069803C /* GoogleService-Info.plist */ = {isa = PBXFileReference; fileEncoding = 4; lastKnownFileType = text.plist.xml; path = "GoogleService-Info.plist"; sourceTree = "<group>"; };
		34AECA87299B8B310069803C /* FirebaseService.swift */ = {isa = PBXFileReference; lastKnownFileType = sourcecode.swift; path = FirebaseService.swift; sourceTree = "<group>"; };
		34AECA8B299B94AB0069803C /* Note.swift */ = {isa = PBXFileReference; lastKnownFileType = sourcecode.swift; path = Note.swift; sourceTree = "<group>"; };
		34DC338829A4B9D80054EDC2 /* DetailViewDemo.swift */ = {isa = PBXFileReference; lastKnownFileType = sourcecode.swift; path = DetailViewDemo.swift; sourceTree = "<group>"; };
/* End PBXFileReference section */

/* Begin PBXFrameworksBuildPhase section */
		34AECA6C299B8A400069803C /* Frameworks */ = {
			isa = PBXFrameworksBuildPhase;
			buildActionMask = 2147483647;
			files = (
				34AECA84299B8B1C0069803C /* FirebaseFirestore in Frameworks */,
				34AECA86299B8B1C0069803C /* FirebaseStorage in Frameworks */,
			);
			runOnlyForDeploymentPostprocessing = 0;
		};
/* End PBXFrameworksBuildPhase section */

/* Begin PBXGroup section */
		34AECA66299B8A400069803C = {
			isa = PBXGroup;
			children = (
				34AECA71299B8A400069803C /* SwiftUIFirebaseApp */,
				34AECA70299B8A400069803C /* Products */,
			);
			sourceTree = "<group>";
		};
		34AECA70299B8A400069803C /* Products */ = {
			isa = PBXGroup;
			children = (
				34AECA6F299B8A400069803C /* SwiftUIFirebaseApp.app */,
			);
			name = Products;
			sourceTree = "<group>";
		};
		34AECA71299B8A400069803C /* SwiftUIFirebaseApp */ = {
			isa = PBXGroup;
			children = (
				34AECA80299B8ACB0069803C /* GoogleService-Info.plist */,
				34AECA72299B8A400069803C /* SwiftUIFirebaseAppApp.swift */,
				34AECA74299B8A400069803C /* ContentView.swift */,
				34AECA87299B8B310069803C /* FirebaseService.swift */,
				34DC338829A4B9D80054EDC2 /* DetailViewDemo.swift */,
				34AECA8B299B94AB0069803C /* Note.swift */,
				34AECA76299B8A410069803C /* Assets.xcassets */,
				34AECA78299B8A410069803C /* Preview Content */,
			);
			path = SwiftUIFirebaseApp;
			sourceTree = "<group>";
		};
		34AECA78299B8A410069803C /* Preview Content */ = {
			isa = PBXGroup;
			children = (
				34AECA79299B8A410069803C /* Preview Assets.xcassets */,
			);
			path = "Preview Content";
			sourceTree = "<group>";
		};
/* End PBXGroup section */

/* Begin PBXNativeTarget section */
		34AECA6E299B8A400069803C /* SwiftUIFirebaseApp */ = {
			isa = PBXNativeTarget;
			buildConfigurationList = 34AECA7D299B8A410069803C /* Build configuration list for PBXNativeTarget "SwiftUIFirebaseApp" */;
			buildPhases = (
				34AECA6B299B8A400069803C /* Sources */,
				34AECA6C299B8A400069803C /* Frameworks */,
				34AECA6D299B8A400069803C /* Resources */,
			);
			buildRules = (
			);
			dependencies = (
			);
			name = SwiftUIFirebaseApp;
			packageProductDependencies = (
				34AECA83299B8B1C0069803C /* FirebaseFirestore */,
				34AECA85299B8B1C0069803C /* FirebaseStorage */,
			);
			productName = SwiftUIFirebaseApp;
			productReference = 34AECA6F299B8A400069803C /* SwiftUIFirebaseApp.app */;
			productType = "com.apple.product-type.application";
		};
/* End PBXNativeTarget section */

/* Begin PBXProject section */
		34AECA67299B8A400069803C /* Project object */ = {
			isa = PBXProject;
			attributes = {
				BuildIndependentTargetsInParallel = 1;
				LastSwiftUpdateCheck = 1420;
				LastUpgradeCheck = 1420;
				TargetAttributes = {
					34AECA6E299B8A400069803C = {
						CreatedOnToolsVersion = 14.2;
					};
				};
			};
			buildConfigurationList = 34AECA6A299B8A400069803C /* Build configuration list for PBXProject "SwiftUIFirebaseApp" */;
			compatibilityVersion = "Xcode 14.0";
			developmentRegion = en;
			hasScannedForEncodings = 0;
			knownRegions = (
				en,
				Base,
			);
			mainGroup = 34AECA66299B8A400069803C;
			packageReferences = (
				34AECA82299B8B1C0069803C /* XCRemoteSwiftPackageReference "firebase-ios-sdk" */,
			);
			productRefGroup = 34AECA70299B8A400069803C /* Products */;
			projectDirPath = "";
			projectRoot = "";
			targets = (
				34AECA6E299B8A400069803C /* SwiftUIFirebaseApp */,
			);
		};
/* End PBXProject section */

/* Begin PBXResourcesBuildPhase section */
		34AECA6D299B8A400069803C /* Resources */ = {
			isa = PBXResourcesBuildPhase;
			buildActionMask = 2147483647;
			files = (
				34AECA7A299B8A410069803C /* Preview Assets.xcassets in Resources */,
				34AECA77299B8A410069803C /* Assets.xcassets in Resources */,
				34AECA81299B8ACB0069803C /* GoogleService-Info.plist in Resources */,
			);
			runOnlyForDeploymentPostprocessing = 0;
		};
/* End PBXResourcesBuildPhase section */

/* Begin PBXSourcesBuildPhase section */
		34AECA6B299B8A400069803C /* Sources */ = {
			isa = PBXSourcesBuildPhase;
			buildActionMask = 2147483647;
			files = (
				34DC338929A4B9D80054EDC2 /* DetailViewDemo.swift in Sources */,
				34AECA8C299B94AB0069803C /* Note.swift in Sources */,
				34AECA75299B8A400069803C /* ContentView.swift in Sources */,
				34AECA88299B8B310069803C /* FirebaseService.swift in Sources */,
				34AECA73299B8A400069803C /* SwiftUIFirebaseAppApp.swift in Sources */,
			);
			runOnlyForDeploymentPostprocessing = 0;
		};
/* End PBXSourcesBuildPhase section */

/* Begin XCBuildConfiguration section */
		34AECA7B299B8A410069803C /* Debug */ = {
			isa = XCBuildConfiguration;
			buildSettings = {
				ALWAYS_SEARCH_USER_PATHS = NO;
				CLANG_ANALYZER_NONNULL = YES;
				CLANG_ANALYZER_NUMBER_OBJECT_CONVERSION = YES_AGGRESSIVE;
				CLANG_CXX_LANGUAGE_STANDARD = "gnu++20";
				CLANG_ENABLE_MODULES = YES;
				CLANG_ENABLE_OBJC_ARC = YES;
				CLANG_ENABLE_OBJC_WEAK = YES;
				CLANG_WARN_BLOCK_CAPTURE_AUTORELEASING = YES;
				CLANG_WARN_BOOL_CONVERSION = YES;
				CLANG_WARN_COMMA = YES;
				CLANG_WARN_CONSTANT_CONVERSION = YES;
				CLANG_WARN_DEPRECATED_OBJC_IMPLEMENTATIONS = YES;
				CLANG_WARN_DIRECT_OBJC_ISA_USAGE = YES_ERROR;
				CLANG_WARN_DOCUMENTATION_COMMENTS = YES;
				CLANG_WARN_EMPTY_BODY = YES;
				CLANG_WARN_ENUM_CONVERSION = YES;
				CLANG_WARN_INFINITE_RECURSION = YES;
				CLANG_WARN_INT_CONVERSION = YES;
				CLANG_WARN_NON_LITERAL_NULL_CONVERSION = YES;
				CLANG_WARN_OBJC_IMPLICIT_RETAIN_SELF = YES;
				CLANG_WARN_OBJC_LITERAL_CONVERSION = YES;
				CLANG_WARN_OBJC_ROOT_CLASS = YES_ERROR;
				CLANG_WARN_QUOTED_INCLUDE_IN_FRAMEWORK_HEADER = YES;
				CLANG_WARN_RANGE_LOOP_ANALYSIS = YES;
				CLANG_WARN_STRICT_PROTOTYPES = YES;
				CLANG_WARN_SUSPICIOUS_MOVE = YES;
				CLANG_WARN_UNGUARDED_AVAILABILITY = YES_AGGRESSIVE;
				CLANG_WARN_UNREACHABLE_CODE = YES;
				CLANG_WARN__DUPLICATE_METHOD_MATCH = YES;
				COPY_PHASE_STRIP = NO;
				DEBUG_INFORMATION_FORMAT = dwarf;
				ENABLE_STRICT_OBJC_MSGSEND = YES;
				ENABLE_TESTABILITY = YES;
				GCC_C_LANGUAGE_STANDARD = gnu11;
				GCC_DYNAMIC_NO_PIC = NO;
				GCC_NO_COMMON_BLOCKS = YES;
				GCC_OPTIMIZATION_LEVEL = 0;
				GCC_PREPROCESSOR_DEFINITIONS = (
					"DEBUG=1",
					"$(inherited)",
				);
				GCC_WARN_64_TO_32_BIT_CONVERSION = YES;
				GCC_WARN_ABOUT_RETURN_TYPE = YES_ERROR;
				GCC_WARN_UNDECLARED_SELECTOR = YES;
				GCC_WARN_UNINITIALIZED_AUTOS = YES_AGGRESSIVE;
				GCC_WARN_UNUSED_FUNCTION = YES;
				GCC_WARN_UNUSED_VARIABLE = YES;
				IPHONEOS_DEPLOYMENT_TARGET = 16.2;
				MTL_ENABLE_DEBUG_INFO = INCLUDE_SOURCE;
				MTL_FAST_MATH = YES;
				ONLY_ACTIVE_ARCH = YES;
				SDKROOT = iphoneos;
				SWIFT_ACTIVE_COMPILATION_CONDITIONS = DEBUG;
				SWIFT_OPTIMIZATION_LEVEL = "-Onone";
			};
			name = Debug;
		};
		34AECA7C299B8A410069803C /* Release */ = {
			isa = XCBuildConfiguration;
			buildSettings = {
				ALWAYS_SEARCH_USER_PATHS = NO;
				CLANG_ANALYZER_NONNULL = YES;
				CLANG_ANALYZER_NUMBER_OBJECT_CONVERSION = YES_AGGRESSIVE;
				CLANG_CXX_LANGUAGE_STANDARD = "gnu++20";
				CLANG_ENABLE_MODULES = YES;
				CLANG_ENABLE_OBJC_ARC = YES;
				CLANG_ENABLE_OBJC_WEAK = YES;
				CLANG_WARN_BLOCK_CAPTURE_AUTORELEASING = YES;
				CLANG_WARN_BOOL_CONVERSION = YES;
				CLANG_WARN_COMMA = YES;
				CLANG_WARN_CONSTANT_CONVERSION = YES;
				CLANG_WARN_DEPRECATED_OBJC_IMPLEMENTATIONS = YES;
				CLANG_WARN_DIRECT_OBJC_ISA_USAGE = YES_ERROR;
				CLANG_WARN_DOCUMENTATION_COMMENTS = YES;
				CLANG_WARN_EMPTY_BODY = YES;
				CLANG_WARN_ENUM_CONVERSION = YES;
				CLANG_WARN_INFINITE_RECURSION = YES;
				CLANG_WARN_INT_CONVERSION = YES;
				CLANG_WARN_NON_LITERAL_NULL_CONVERSION = YES;
				CLANG_WARN_OBJC_IMPLICIT_RETAIN_SELF = YES;
				CLANG_WARN_OBJC_LITERAL_CONVERSION = YES;
				CLANG_WARN_OBJC_ROOT_CLASS = YES_ERROR;
				CLANG_WARN_QUOTED_INCLUDE_IN_FRAMEWORK_HEADER = YES;
				CLANG_WARN_RANGE_LOOP_ANALYSIS = YES;
				CLANG_WARN_STRICT_PROTOTYPES = YES;
				CLANG_WARN_SUSPICIOUS_MOVE = YES;
				CLANG_WARN_UNGUARDED_AVAILABILITY = YES_AGGRESSIVE;
				CLANG_WARN_UNREACHABLE_CODE = YES;
				CLANG_WARN__DUPLICATE_METHOD_MATCH = YES;
				COPY_PHASE_STRIP = NO;
				DEBUG_INFORMATION_FORMAT = "dwarf-with-dsym";
				ENABLE_NS_ASSERTIONS = NO;
				ENABLE_STRICT_OBJC_MSGSEND = YES;
				GCC_C_LANGUAGE_STANDARD = gnu11;
				GCC_NO_COMMON_BLOCKS = YES;
				GCC_WARN_64_TO_32_BIT_CONVERSION = YES;
				GCC_WARN_ABOUT_RETURN_TYPE = YES_ERROR;
				GCC_WARN_UNDECLARED_SELECTOR = YES;
				GCC_WARN_UNINITIALIZED_AUTOS = YES_AGGRESSIVE;
				GCC_WARN_UNUSED_FUNCTION = YES;
				GCC_WARN_UNUSED_VARIABLE = YES;
				IPHONEOS_DEPLOYMENT_TARGET = 16.2;
				MTL_ENABLE_DEBUG_INFO = NO;
				MTL_FAST_MATH = YES;
				SDKROOT = iphoneos;
				SWIFT_COMPILATION_MODE = wholemodule;
				SWIFT_OPTIMIZATION_LEVEL = "-O";
				VALIDATE_PRODUCT = YES;
			};
			name = Release;
		};
		34AECA7E299B8A410069803C /* Debug */ = {
			isa = XCBuildConfiguration;
			buildSettings = {
				ASSETCATALOG_COMPILER_APPICON_NAME = AppIcon;
				ASSETCATALOG_COMPILER_GLOBAL_ACCENT_COLOR_NAME = AccentColor;
				CODE_SIGN_STYLE = Automatic;
				CURRENT_PROJECT_VERSION = 1;
				DEVELOPMENT_ASSET_PATHS = "\"SwiftUIFirebaseApp/Preview Content\"";
				DEVELOPMENT_TEAM = N65NK97U29;
				ENABLE_PREVIEWS = YES;
				GENERATE_INFOPLIST_FILE = YES;
				INFOPLIST_KEY_UIApplicationSceneManifest_Generation = YES;
				INFOPLIST_KEY_UIApplicationSupportsIndirectInputEvents = YES;
				INFOPLIST_KEY_UILaunchScreen_Generation = YES;
				INFOPLIST_KEY_UISupportedInterfaceOrientations_iPad = "UIInterfaceOrientationPortrait UIInterfaceOrientationPortraitUpsideDown UIInterfaceOrientationLandscapeLeft UIInterfaceOrientationLandscapeRight";
				INFOPLIST_KEY_UISupportedInterfaceOrientations_iPhone = "UIInterfaceOrientationPortrait UIInterfaceOrientationLandscapeLeft UIInterfaceOrientationLandscapeRight";
				LD_RUNPATH_SEARCH_PATHS = (
					"$(inherited)",
					"@executable_path/Frameworks",
				);
				MARKETING_VERSION = 1.0;
				PRODUCT_BUNDLE_IDENTIFIER = jlr.SwiftUIFirebaseApp;
				PRODUCT_NAME = "$(TARGET_NAME)";
				SWIFT_EMIT_LOC_STRINGS = YES;
				SWIFT_VERSION = 5.0;
				TARGETED_DEVICE_FAMILY = "1,2";
			};
			name = Debug;
		};
		34AECA7F299B8A410069803C /* Release */ = {
			isa = XCBuildConfiguration;
			buildSettings = {
				ASSETCATALOG_COMPILER_APPICON_NAME = AppIcon;
				ASSETCATALOG_COMPILER_GLOBAL_ACCENT_COLOR_NAME = AccentColor;
				CODE_SIGN_STYLE = Automatic;
				CURRENT_PROJECT_VERSION = 1;
				DEVELOPMENT_ASSET_PATHS = "\"SwiftUIFirebaseApp/Preview Content\"";
				DEVELOPMENT_TEAM = N65NK97U29;
				ENABLE_PREVIEWS = YES;
				GENERATE_INFOPLIST_FILE = YES;
				INFOPLIST_KEY_UIApplicationSceneManifest_Generation = YES;
				INFOPLIST_KEY_UIApplicationSupportsIndirectInputEvents = YES;
				INFOPLIST_KEY_UILaunchScreen_Generation = YES;
				INFOPLIST_KEY_UISupportedInterfaceOrientations_iPad = "UIInterfaceOrientationPortrait UIInterfaceOrientationPortraitUpsideDown UIInterfaceOrientationLandscapeLeft UIInterfaceOrientationLandscapeRight";
				INFOPLIST_KEY_UISupportedInterfaceOrientations_iPhone = "UIInterfaceOrientationPortrait UIInterfaceOrientationLandscapeLeft UIInterfaceOrientationLandscapeRight";
				LD_RUNPATH_SEARCH_PATHS = (
					"$(inherited)",
					"@executable_path/Frameworks",
				);
				MARKETING_VERSION = 1.0;
				PRODUCT_BUNDLE_IDENTIFIER = jlr.SwiftUIFirebaseApp;
				PRODUCT_NAME = "$(TARGET_NAME)";
				SWIFT_EMIT_LOC_STRINGS = YES;
				SWIFT_VERSION = 5.0;
				TARGETED_DEVICE_FAMILY = "1,2";
			};
			name = Release;
		};
/* End XCBuildConfiguration section */

/* Begin XCConfigurationList section */
		34AECA6A299B8A400069803C /* Build configuration list for PBXProject "SwiftUIFirebaseApp" */ = {
			isa = XCConfigurationList;
			buildConfigurations = (
				34AECA7B299B8A410069803C /* Debug */,
				34AECA7C299B8A410069803C /* Release */,
			);
			defaultConfigurationIsVisible = 0;
			defaultConfigurationName = Release;
		};
		34AECA7D299B8A410069803C /* Build configuration list for PBXNativeTarget "SwiftUIFirebaseApp" */ = {
			isa = XCConfigurationList;
			buildConfigurations = (
				34AECA7E299B8A410069803C /* Debug */,
				34AECA7F299B8A410069803C /* Release */,
			);
			defaultConfigurationIsVisible = 0;
			defaultConfigurationName = Release;
		};
/* End XCConfigurationList section */

/* Begin XCRemoteSwiftPackageReference section */
		34AECA82299B8B1C0069803C /* XCRemoteSwiftPackageReference "firebase-ios-sdk" */ = {
			isa = XCRemoteSwiftPackageReference;
			repositoryURL = "https://github.com/firebase/firebase-ios-sdk";
			requirement = {
				branch = master;
				kind = branch;
			};
		};
/* End XCRemoteSwiftPackageReference section */

/* Begin XCSwiftPackageProductDependency section */
		34AECA83299B8B1C0069803C /* FirebaseFirestore */ = {
			isa = XCSwiftPackageProductDependency;
			package = 34AECA82299B8B1C0069803C /* XCRemoteSwiftPackageReference "firebase-ios-sdk" */;
			productName = FirebaseFirestore;
		};
		34AECA85299B8B1C0069803C /* FirebaseStorage */ = {
			isa = XCSwiftPackageProductDependency;
			package = 34AECA82299B8B1C0069803C /* XCRemoteSwiftPackageReference "firebase-ios-sdk" */;
			productName = FirebaseStorage;
		};
/* End XCSwiftPackageProductDependency section */
	};
	rootObject = 34AECA67299B8A400069803C /* Project object */;
}
